// !$*UTF8*$!
{
	archiveVersion = 1;
	classes = {
	};
	objectVersion = 50;
	objects = {

/* Begin PBXBuildFile section */
		040B9FA1228152CB0065531C /* AppDelegate.swift in Sources */ = {isa = PBXBuildFile; fileRef = 040B9FA0228152CB0065531C /* AppDelegate.swift */; };
		040B9FA3228152CB0065531C /* ViewController.swift in Sources */ = {isa = PBXBuildFile; fileRef = 040B9FA2228152CB0065531C /* ViewController.swift */; };
		040B9FA6228152CB0065531C /* Main.storyboard in Resources */ = {isa = PBXBuildFile; fileRef = 040B9FA4228152CB0065531C /* Main.storyboard */; };
		040B9FA8228152CC0065531C /* Assets.xcassets in Resources */ = {isa = PBXBuildFile; fileRef = 040B9FA7228152CC0065531C /* Assets.xcassets */; };
		040B9FAB228152CC0065531C /* LaunchScreen.storyboard in Resources */ = {isa = PBXBuildFile; fileRef = 040B9FA9228152CC0065531C /* LaunchScreen.storyboard */; };
		040B9FB32281891C0065531C /* CoreLocation.framework in Frameworks */ = {isa = PBXBuildFile; fileRef = 040B9FB22281891C0065531C /* CoreLocation.framework */; };
		53F74B2D0E317FB75177797D /* Pods_DemoMap.framework in Frameworks */ = {isa = PBXBuildFile; fileRef = C8AF06149FBE984CD070D5F3 /* Pods_DemoMap.framework */; };
/* End PBXBuildFile section */

/* Begin PBXFileReference section */
		040B9F9D228152CB0065531C /* DemoMap.app */ = {isa = PBXFileReference; explicitFileType = wrapper.application; includeInIndex = 0; path = DemoMap.app; sourceTree = BUILT_PRODUCTS_DIR; };
		040B9FA0228152CB0065531C /* AppDelegate.swift */ = {isa = PBXFileReference; lastKnownFileType = sourcecode.swift; path = AppDelegate.swift; sourceTree = "<group>"; };
		040B9FA2228152CB0065531C /* ViewController.swift */ = {isa = PBXFileReference; lastKnownFileType = sourcecode.swift; path = ViewController.swift; sourceTree = "<group>"; };
		040B9FA5228152CB0065531C /* Base */ = {isa = PBXFileReference; lastKnownFileType = file.storyboard; name = Base; path = Base.lproj/Main.storyboard; sourceTree = "<group>"; };
		040B9FA7228152CC0065531C /* Assets.xcassets */ = {isa = PBXFileReference; lastKnownFileType = folder.assetcatalog; path = Assets.xcassets; sourceTree = "<group>"; };
		040B9FAA228152CC0065531C /* Base */ = {isa = PBXFileReference; lastKnownFileType = file.storyboard; name = Base; path = Base.lproj/LaunchScreen.storyboard; sourceTree = "<group>"; };
		040B9FAC228152CC0065531C /* Info.plist */ = {isa = PBXFileReference; lastKnownFileType = text.plist.xml; path = Info.plist; sourceTree = "<group>"; };
		040B9FB22281891C0065531C /* CoreLocation.framework */ = {isa = PBXFileReference; lastKnownFileType = wrapper.framework; name = CoreLocation.framework; path = System/Library/Frameworks/CoreLocation.framework; sourceTree = SDKROOT; };
		09CB77680AD62857E3FE1A62 /* Pods-DemoMap.release.xcconfig */ = {isa = PBXFileReference; includeInIndex = 1; lastKnownFileType = text.xcconfig; name = "Pods-DemoMap.release.xcconfig"; path = "Pods/Target Support Files/Pods-DemoMap/Pods-DemoMap.release.xcconfig"; sourceTree = "<group>"; };
		C8AF06149FBE984CD070D5F3 /* Pods_DemoMap.framework */ = {isa = PBXFileReference; explicitFileType = wrapper.framework; includeInIndex = 0; path = Pods_DemoMap.framework; sourceTree = BUILT_PRODUCTS_DIR; };
		E6A4784BDDD07AF4F86A2D24 /* Pods-DemoMap.debug.xcconfig */ = {isa = PBXFileReference; includeInIndex = 1; lastKnownFileType = text.xcconfig; name = "Pods-DemoMap.debug.xcconfig"; path = "Pods/Target Support Files/Pods-DemoMap/Pods-DemoMap.debug.xcconfig"; sourceTree = "<group>"; };
/* End PBXFileReference section */

/* Begin PBXFrameworksBuildPhase section */
		040B9F9A228152CB0065531C /* Frameworks */ = {
			isa = PBXFrameworksBuildPhase;
			buildActionMask = 2147483647;
			files = (
				040B9FB32281891C0065531C /* CoreLocation.framework in Frameworks */,
				53F74B2D0E317FB75177797D /* Pods_DemoMap.framework in Frameworks */,
			);
			runOnlyForDeploymentPostprocessing = 0;
		};
/* End PBXFrameworksBuildPhase section */

/* Begin PBXGroup section */
		040B9F94228152CB0065531C = {
			isa = PBXGroup;
			children = (
				040B9F9F228152CB0065531C /* DemoMap */,
				040B9F9E228152CB0065531C /* Products */,
				787FC88B5F24A780E7B5463D /* Pods */,
				59938A2713F9A9E44D97DBCB /* Frameworks */,
			);
			sourceTree = "<group>";
		};
		040B9F9E228152CB0065531C /* Products */ = {
			isa = PBXGroup;
			children = (
				040B9F9D228152CB0065531C /* DemoMap.app */,
			);
			name = Products;
			sourceTree = "<group>";
		};
		040B9F9F228152CB0065531C /* DemoMap */ = {
			isa = PBXGroup;
			children = (
				040B9FA0228152CB0065531C /* AppDelegate.swift */,
				040B9FA2228152CB0065531C /* ViewController.swift */,
				040B9FA4228152CB0065531C /* Main.storyboard */,
				040B9FA7228152CC0065531C /* Assets.xcassets */,
				040B9FA9228152CC0065531C /* LaunchScreen.storyboard */,
				040B9FAC228152CC0065531C /* Info.plist */,
			);
			path = DemoMap;
			sourceTree = "<group>";
		};
		59938A2713F9A9E44D97DBCB /* Frameworks */ = {
			isa = PBXGroup;
			children = (
				040B9FB22281891C0065531C /* CoreLocation.framework */,
				C8AF06149FBE984CD070D5F3 /* Pods_DemoMap.framework */,
			);
			name = Frameworks;
			sourceTree = "<group>";
		};
		787FC88B5F24A780E7B5463D /* Pods */ = {
			isa = PBXGroup;
			children = (
				E6A4784BDDD07AF4F86A2D24 /* Pods-DemoMap.debug.xcconfig */,
				09CB77680AD62857E3FE1A62 /* Pods-DemoMap.release.xcconfig */,
			);
			name = Pods;
			sourceTree = "<group>";
		};
/* End PBXGroup section */

/* Begin PBXNativeTarget section */
		040B9F9C228152CB0065531C /* DemoMap */ = {
			isa = PBXNativeTarget;
			buildConfigurationList = 040B9FAF228152CC0065531C /* Build configuration list for PBXNativeTarget "DemoMap" */;
			buildPhases = (
				C7D0268A769E1DDA64278A44 /* [CP] Check Pods Manifest.lock */,
				040B9F99228152CB0065531C /* Sources */,
				040B9F9A228152CB0065531C /* Frameworks */,
				040B9F9B228152CB0065531C /* Resources */,
				6AE3C7168C28586F1B421C76 /* [CP] Copy Pods Resources */,
				21746EBD695AA4F434F1CB5D /* [CP] Embed Pods Frameworks */,
			);
			buildRules = (
			);
			dependencies = (
			);
			name = DemoMap;
			productName = DemoMap;
			productReference = 040B9F9D228152CB0065531C /* DemoMap.app */;
			productType = "com.apple.product-type.application";
		};
/* End PBXNativeTarget section */

/* Begin PBXProject section */
		040B9F95228152CB0065531C /* Project object */ = {
			isa = PBXProject;
			attributes = {
				LastSwiftUpdateCheck = 1010;
				LastUpgradeCheck = 1010;
				ORGANIZATIONNAME = mac;
				TargetAttributes = {
					040B9F9C228152CB0065531C = {
						CreatedOnToolsVersion = 10.1;
					};
				};
			};
			buildConfigurationList = 040B9F98228152CB0065531C /* Build configuration list for PBXProject "DemoMap" */;
			compatibilityVersion = "Xcode 9.3";
			developmentRegion = en;
			hasScannedForEncodings = 0;
			knownRegions = (
				en,
				Base,
			);
			mainGroup = 040B9F94228152CB0065531C;
			productRefGroup = 040B9F9E228152CB0065531C /* Products */;
			projectDirPath = "";
			projectRoot = "";
			targets = (
				040B9F9C228152CB0065531C /* DemoMap */,
			);
		};
/* End PBXProject section */

/* Begin PBXResourcesBuildPhase section */
		040B9F9B228152CB0065531C /* Resources */ = {
			isa = PBXResourcesBuildPhase;
			buildActionMask = 2147483647;
			files = (
				040B9FAB228152CC0065531C /* LaunchScreen.storyboard in Resources */,
				040B9FA8228152CC0065531C /* Assets.xcassets in Resources */,
				040B9FA6228152CB0065531C /* Main.storyboard in Resources */,
			);
			runOnlyForDeploymentPostprocessing = 0;
		};
/* End PBXResourcesBuildPhase section */

/* Begin PBXShellScriptBuildPhase section */
		21746EBD695AA4F434F1CB5D /* [CP] Embed Pods Frameworks */ = {
			isa = PBXShellScriptBuildPhase;
			buildActionMask = 2147483647;
			files = (
			);
			inputFileListPaths = (
			);
			inputPaths = (
				"${SRCROOT}/Pods/Target Support Files/Pods-DemoMap/Pods-DemoMap-frameworks.sh",
				"${BUILT_PRODUCTS_DIR}/Alamofire/Alamofire.framework",
				"${BUILT_PRODUCTS_DIR}/GooglePlacesAPI/GooglePlacesAPI.framework",
				"${BUILT_PRODUCTS_DIR}/ObjectMapper/ObjectMapper.framework",
				"${BUILT_PRODUCTS_DIR}/SwiftyJSON/SwiftyJSON.framework",
			);
			name = "[CP] Embed Pods Frameworks";
			outputFileListPaths = (
			);
			outputPaths = (
				"${TARGET_BUILD_DIR}/${FRAMEWORKS_FOLDER_PATH}/Alamofire.framework",
				"${TARGET_BUILD_DIR}/${FRAMEWORKS_FOLDER_PATH}/GooglePlacesAPI.framework",
				"${TARGET_BUILD_DIR}/${FRAMEWORKS_FOLDER_PATH}/ObjectMapper.framework",
				"${TARGET_BUILD_DIR}/${FRAMEWORKS_FOLDER_PATH}/SwiftyJSON.framework",
			);
			runOnlyForDeploymentPostprocessing = 0;
			shellPath = /bin/sh;
			shellScript = "\"${SRCROOT}/Pods/Target Support Files/Pods-DemoMap/Pods-DemoMap-frameworks.sh\"\n";
			showEnvVarsInLog = 0;
		};
		6AE3C7168C28586F1B421C76 /* [CP] Copy Pods Resources */ = {
			isa = PBXShellScriptBuildPhase;
			buildActionMask = 2147483647;
			files = (
			);
			inputFileListPaths = (
			);
			inputPaths = (
				"${SRCROOT}/Pods/Target Support Files/Pods-DemoMap/Pods-DemoMap-resources.sh",
				"${PODS_ROOT}/GoogleMaps/Maps/Frameworks/GoogleMaps.framework/Resources/GoogleMaps.bundle",
				"${PODS_ROOT}/GooglePlaces/Frameworks/GooglePlaces.framework/Resources/GooglePlaces.bundle",
			);
			name = "[CP] Copy Pods Resources";
			outputFileListPaths = (
			);
			outputPaths = (
				"${TARGET_BUILD_DIR}/${UNLOCALIZED_RESOURCES_FOLDER_PATH}/GoogleMaps.bundle",
				"${TARGET_BUILD_DIR}/${UNLOCALIZED_RESOURCES_FOLDER_PATH}/GooglePlaces.bundle",
			);
			runOnlyForDeploymentPostprocessing = 0;
			shellPath = /bin/sh;
			shellScript = "\"${SRCROOT}/Pods/Target Support Files/Pods-DemoMap/Pods-DemoMap-resources.sh\"\n";
			showEnvVarsInLog = 0;
		};
		C7D0268A769E1DDA64278A44 /* [CP] Check Pods Manifest.lock */ = {
			isa = PBXShellScriptBuildPhase;
			buildActionMask = 2147483647;
			files = (
			);
			inputFileListPaths = (
			);
			inputPaths = (
				"${PODS_PODFILE_DIR_PATH}/Podfile.lock",
				"${PODS_ROOT}/Manifest.lock",
			);
			name = "[CP] Check Pods Manifest.lock";
			outputFileListPaths = (
			);
			outputPaths = (
				"$(DERIVED_FILE_DIR)/Pods-DemoMap-checkManifestLockResult.txt",
			);
			runOnlyForDeploymentPostprocessing = 0;
			shellPath = /bin/sh;
			shellScript = "diff \"${PODS_PODFILE_DIR_PATH}/Podfile.lock\" \"${PODS_ROOT}/Manifest.lock\" > /dev/null\nif [ $? != 0 ] ; then\n    # print error to STDERR\n    echo \"error: The sandbox is not in sync with the Podfile.lock. Run 'pod install' or update your CocoaPods installation.\" >&2\n    exit 1\nfi\n# This output is used by Xcode 'outputs' to avoid re-running this script phase.\necho \"SUCCESS\" > \"${SCRIPT_OUTPUT_FILE_0}\"\n";
			showEnvVarsInLog = 0;
		};
/* End PBXShellScriptBuildPhase section */

/* Begin PBXSourcesBuildPhase section */
		040B9F99228152CB0065531C /* Sources */ = {
			isa = PBXSourcesBuildPhase;
			buildActionMask = 2147483647;
			files = (
				040B9FA3228152CB0065531C /* ViewController.swift in Sources */,
				040B9FA1228152CB0065531C /* AppDelegate.swift in Sources */,
			);
			runOnlyForDeploymentPostprocessing = 0;
		};
/* End PBXSourcesBuildPhase section */

/* Begin PBXVariantGroup section */
		040B9FA4228152CB0065531C /* Main.storyboard */ = {
			isa = PBXVariantGroup;
			children = (
				040B9FA5228152CB0065531C /* Base */,
			);
			name = Main.storyboard;
			sourceTree = "<group>";
		};
		040B9FA9228152CC0065531C /* LaunchScreen.storyboard */ = {
			isa = PBXVariantGroup;
			children = (
				040B9FAA228152CC0065531C /* Base */,
			);
			name = LaunchScreen.storyboard;
			sourceTree = "<group>";
		};
/* End PBXVariantGroup section */

/* Begin XCBuildConfiguration section */
		040B9FAD228152CC0065531C /* Debug */ = {
			isa = XCBuildConfiguration;
			buildSettings = {
				ALWAYS_SEARCH_USER_PATHS = NO;
				CLANG_ANALYZER_NONNULL = YES;
				CLANG_ANALYZER_NUMBER_OBJECT_CONVERSION = YES_AGGRESSIVE;
				CLANG_CXX_LANGUAGE_STANDARD = "gnu++14";
				CLANG_CXX_LIBRARY = "libc++";
				CLANG_ENABLE_MODULES = YES;
				CLANG_ENABLE_OBJC_ARC = YES;
				CLANG_ENABLE_OBJC_WEAK = YES;
				CLANG_WARN_BLOCK_CAPTURE_AUTORELEASING = YES;
				CLANG_WARN_BOOL_CONVERSION = YES;
				CLANG_WARN_COMMA = YES;
				CLANG_WARN_CONSTANT_CONVERSION = YES;
				CLANG_WARN_DEPRECATED_OBJC_IMPLEMENTATIONS = YES;
				CLANG_WARN_DIRECT_OBJC_ISA_USAGE = YES_ERROR;
				CLANG_WARN_DOCUMENTATION_COMMENTS = YES;
				CLANG_WARN_EMPTY_BODY = YES;
				CLANG_WARN_ENUM_CONVERSION = YES;
				CLANG_WARN_INFINITE_RECURSION = YES;
				CLANG_WARN_INT_CONVERSION = YES;
				CLANG_WARN_NON_LITERAL_NULL_CONVERSION = YES;
				CLANG_WARN_OBJC_IMPLICIT_RETAIN_SELF = YES;
				CLANG_WARN_OBJC_LITERAL_CONVERSION = YES;
				CLANG_WARN_OBJC_ROOT_CLASS = YES_ERROR;
				CLANG_WARN_RANGE_LOOP_ANALYSIS = YES;
				CLANG_WARN_STRICT_PROTOTYPES = YES;
				CLANG_WARN_SUSPICIOUS_MOVE = YES;
				CLANG_WARN_UNGUARDED_AVAILABILITY = YES_AGGRESSIVE;
				CLANG_WARN_UNREACHABLE_CODE = YES;
				CLANG_WARN__DUPLICATE_METHOD_MATCH = YES;
				CODE_SIGN_IDENTITY = "iPhone Developer";
				COPY_PHASE_STRIP = NO;
				DEBUG_INFORMATION_FORMAT = dwarf;
				ENABLE_STRICT_OBJC_MSGSEND = YES;
				ENABLE_TESTABILITY = YES;
				GCC_C_LANGUAGE_STANDARD = gnu11;
				GCC_DYNAMIC_NO_PIC = NO;
				GCC_NO_COMMON_BLOCKS = YES;
				GCC_OPTIMIZATION_LEVEL = 0;
				GCC_PREPROCESSOR_DEFINITIONS = (
					"DEBUG=1",
					"$(inherited)",
				);
				GCC_WARN_64_TO_32_BIT_CONVERSION = YES;
				GCC_WARN_ABOUT_RETURN_TYPE = YES_ERROR;
				GCC_WARN_UNDECLARED_SELECTOR = YES;
				GCC_WARN_UNINITIALIZED_AUTOS = YES_AGGRESSIVE;
				GCC_WARN_UNUSED_FUNCTION = YES;
				GCC_WARN_UNUSED_VARIABLE = YES;
				IPHONEOS_DEPLOYMENT_TARGET = 12.1;
				MTL_ENABLE_DEBUG_INFO = INCLUDE_SOURCE;
				MTL_FAST_MATH = YES;
				ONLY_ACTIVE_ARCH = YES;
				SDKROOT = iphoneos;
				SWIFT_ACTIVE_COMPILATION_CONDITIONS = DEBUG;
				SWIFT_OPTIMIZATION_LEVEL = "-Onone";
			};
			name = Debug;
		};
		040B9FAE228152CC0065531C /* Release */ = {
			isa = XCBuildConfiguration;
			buildSettings = {
				ALWAYS_SEARCH_USER_PATHS = NO;
				CLANG_ANALYZER_NONNULL = YES;
				CLANG_ANALYZER_NUMBER_OBJECT_CONVERSION = YES_AGGRESSIVE;
				CLANG_CXX_LANGUAGE_STANDARD = "gnu++14";
				CLANG_CXX_LIBRARY = "libc++";
				CLANG_ENABLE_MODULES = YES;
				CLANG_ENABLE_OBJC_ARC = YES;
				CLANG_ENABLE_OBJC_WEAK = YES;
				CLANG_WARN_BLOCK_CAPTURE_AUTORELEASING = YES;
				CLANG_WARN_BOOL_CONVERSION = YES;
				CLANG_WARN_COMMA = YES;
				CLANG_WARN_CONSTANT_CONVERSION = YES;
				CLANG_WARN_DEPRECATED_OBJC_IMPLEMENTATIONS = YES;
				CLANG_WARN_DIRECT_OBJC_ISA_USAGE = YES_ERROR;
				CLANG_WARN_DOCUMENTATION_COMMENTS = YES;
				CLANG_WARN_EMPTY_BODY = YES;
				CLANG_WARN_ENUM_CONVERSION = YES;
				CLANG_WARN_INFINITE_RECURSION = YES;
				CLANG_WARN_INT_CONVERSION = YES;
				CLANG_WARN_NON_LITERAL_NULL_CONVERSION = YES;
				CLANG_WARN_OBJC_IMPLICIT_RETAIN_SELF = YES;
				CLANG_WARN_OBJC_LITERAL_CONVERSION = YES;
				CLANG_WARN_OBJC_ROOT_CLASS = YES_ERROR;
				CLANG_WARN_RANGE_LOOP_ANALYSIS = YES;
				CLANG_WARN_STRICT_PROTOTYPES = YES;
				CLANG_WARN_SUSPICIOUS_MOVE = YES;
				CLANG_WARN_UNGUARDED_AVAILABILITY = YES_AGGRESSIVE;
				CLANG_WARN_UNREACHABLE_CODE = YES;
				CLANG_WARN__DUPLICATE_METHOD_MATCH = YES;
				CODE_SIGN_IDENTITY = "iPhone Developer";
				COPY_PHASE_STRIP = NO;
				DEBUG_INFORMATION_FORMAT = "dwarf-with-dsym";
				ENABLE_NS_ASSERTIONS = NO;
				ENABLE_STRICT_OBJC_MSGSEND = YES;
				GCC_C_LANGUAGE_STANDARD = gnu11;
				GCC_NO_COMMON_BLOCKS = YES;
				GCC_WARN_64_TO_32_BIT_CONVERSION = YES;
				GCC_WARN_ABOUT_RETURN_TYPE = YES_ERROR;
				GCC_WARN_UNDECLARED_SELECTOR = YES;
				GCC_WARN_UNINITIALIZED_AUTOS = YES_AGGRESSIVE;
				GCC_WARN_UNUSED_FUNCTION = YES;
				GCC_WARN_UNUSED_VARIABLE = YES;
				IPHONEOS_DEPLOYMENT_TARGET = 12.1;
				MTL_ENABLE_DEBUG_INFO = NO;
				MTL_FAST_MATH = YES;
				SDKROOT = iphoneos;
				SWIFT_COMPILATION_MODE = wholemodule;
				SWIFT_OPTIMIZATION_LEVEL = "-O";
				VALIDATE_PRODUCT = YES;
			};
			name = Release;
		};
		040B9FB0228152CC0065531C /* Debug */ = {
			isa = XCBuildConfiguration;
			baseConfigurationReference = E6A4784BDDD07AF4F86A2D24 /* Pods-DemoMap.debug.xcconfig */;
			buildSettings = {
				ASSETCATALOG_COMPILER_APPICON_NAME = AppIcon;
				CODE_SIGN_STYLE = Automatic;
				INFOPLIST_FILE = DemoMap/Info.plist;
				LD_RUNPATH_SEARCH_PATHS = (
					"$(inherited)",
					"@executable_path/Frameworks",
				);
				PRODUCT_BUNDLE_IDENTIFIER = test.DemoMap;
				PRODUCT_NAME = "$(TARGET_NAME)";
				SWIFT_VERSION = 4.2;
				TARGETED_DEVICE_FAMILY = "1,2";
			};
			name = Debug;
		};
		040B9FB1228152CC0065531C /* Release */ = {
			isa = XCBuildConfiguration;
			baseConfigurationReference = 09CB77680AD62857E3FE1A62 /* Pods-DemoMap.release.xcconfig */;
			buildSettings = {
				ASSETCATALOG_COMPILER_APPICON_NAME = AppIcon;
				CODE_SIGN_STYLE = Automatic;
				INFOPLIST_FILE = DemoMap/Info.plist;
				LD_RUNPATH_SEARCH_PATHS = (
					"$(inherited)",
					"@executable_path/Frameworks",
				);
				PRODUCT_BUNDLE_IDENTIFIER = test.DemoMap;
				PRODUCT_NAME = "$(TARGET_NAME)";
				SWIFT_VERSION = 4.2;
				TARGETED_DEVICE_FAMILY = "1,2";
			};
			name = Release;
		};
/* End XCBuildConfiguration section */

/* Begin XCConfigurationList section */
		040B9F98228152CB0065531C /* Build configuration list for PBXProject "DemoMap" */ = {
			isa = XCConfigurationList;
			buildConfigurations = (
				040B9FAD228152CC0065531C /* Debug */,
				040B9FAE228152CC0065531C /* Release */,
			);
			defaultConfigurationIsVisible = 0;
			defaultConfigurationName = Release;
		};
		040B9FAF228152CC0065531C /* Build configuration list for PBXNativeTarget "DemoMap" */ = {
			isa = XCConfigurationList;
			buildConfigurations = (
				040B9FB0228152CC0065531C /* Debug */,
				040B9FB1228152CC0065531C /* Release */,
			);
			defaultConfigurationIsVisible = 0;
			defaultConfigurationName = Release;
		};
/* End XCConfigurationList section */
	};
	rootObject = 040B9F95228152CB0065531C /* Project object */;
}
